// !$*UTF8*$!
{
	archiveVersion = 1;
	classes = {
	};
	objectVersion = 46;
	objects = {

/* Begin PBXBuildFile section */
		_LinkFileRef_CLib_via_Main /* CLib.framework in Frameworks */ = {isa = PBXBuildFile; fileRef = "_____Product_CLib" /* CLib.framework */; };
		__src_cc_ref_Sources/CLib/clib.c /* clib.c in Sources */ = {isa = PBXBuildFile; fileRef = __PBXFileRef_Sources/CLib/clib.c /* clib.c */; };
		__src_cc_ref_Sources/Main/main.swift /* main.swift in Sources */ = {isa = PBXBuildFile; fileRef = __PBXFileRef_Sources/Main/main.swift /* main.swift */; };
/* End PBXBuildFile section */

/* Begin PBXContainerItemProxy section */
		CE6F239C1DD3ADA7001452F0 /* PBXContainerItemProxy */ = {
			isa = PBXContainerItemProxy;
			containerPortal = __RootObject_ /* Project object */;
			proxyType = 1;
			remoteGlobalIDString = "______Target_CLib";
			remoteInfo = CLib;
		};
/* End PBXContainerItemProxy section */

/* Begin PBXFileReference section */
		__PBXFileRef_Package.swift /* Package.swift */ = {isa = PBXFileReference; lastKnownFileType = sourcecode.swift; path = Package.swift; sourceTree = "<group>"; };
		__PBXFileRef_Sources/CLib/clib.c /* clib.c */ = {isa = PBXFileReference; lastKnownFileType = sourcecode.c.c; path = clib.c; sourceTree = "<group>"; };
		__PBXFileRef_Sources/Main/main.swift /* main.swift */ = {isa = PBXFileReference; lastKnownFileType = sourcecode.swift; path = main.swift; sourceTree = "<group>"; };
		__PBXFileRef_Tests /* Tests */ = {isa = PBXFileReference; lastKnownFileType = folder; path = Tests; sourceTree = "<group>"; };
		__PBXFileRef_ThirdParty /* ThirdParty */ = {isa = PBXFileReference; lastKnownFileType = folder; path = ThirdParty; sourceTree = "<group>"; };
		__PBXFileRef_lldbtest.xcodeproj/Configs/Project.xcconfig /* lldbtest.xcodeproj/Configs/Project.xcconfig */ = {isa = PBXFileReference; lastKnownFileType = text.xcconfig; path = lldbtest.xcodeproj/Configs/Project.xcconfig; sourceTree = "<group>"; };
		"_____Product_CLib" /* CLib.framework */ = {isa = PBXFileReference; explicitFileType = wrapper.framework; path = CLib.framework; sourceTree = BUILT_PRODUCTS_DIR; };
		"_____Product_Main" /* Main */ = {isa = PBXFileReference; explicitFileType = "compiled.mach-o.executable"; path = Main; sourceTree = BUILT_PRODUCTS_DIR; };
/* End PBXFileReference section */

/* Begin PBXFrameworksBuildPhase section */
		"___LinkPhase_CLib" /* Frameworks */ = {
			isa = PBXFrameworksBuildPhase;
			buildActionMask = 0;
			files = (
			);
			runOnlyForDeploymentPostprocessing = 0;
		};
		"___LinkPhase_Main" /* Frameworks */ = {
			isa = PBXFrameworksBuildPhase;
			buildActionMask = 0;
			files = (
				_LinkFileRef_CLib_via_Main /* CLib.framework in Frameworks */,
			);
			runOnlyForDeploymentPostprocessing = 0;
		};
/* End PBXFrameworksBuildPhase section */

/* Begin PBXGroup section */
		"___RootGroup_" = {
			isa = PBXGroup;
			children = (
				__PBXFileRef_Package.swift /* Package.swift */,
				"_____Configs_" /* Configs */,
				"_____Sources_" /* Sources */,
				__PBXFileRef_Tests /* Tests */,
				__PBXFileRef_ThirdParty /* ThirdParty */,
				"____Products_" /* Products */,
			);
			sourceTree = "<group>";
		};
		"____Products_" /* Products */ = {
			isa = PBXGroup;
			children = (
				"_____Product_CLib" /* CLib.framework */,
				"_____Product_Main" /* Main */,
			);
			name = Products;
			sourceTree = "<group>";
		};
		"_____Configs_" /* Configs */ = {
			isa = PBXGroup;
			children = (
				__PBXFileRef_lldbtest.xcodeproj/Configs/Project.xcconfig /* lldbtest.xcodeproj/Configs/Project.xcconfig */,
			);
			name = Configs;
			sourceTree = "<group>";
		};
		"_____Sources_" /* Sources */ = {
			isa = PBXGroup;
			children = (
				"_______Group_CLib" /* CLib */,
				"_______Group_Main" /* Main */,
			);
			name = Sources;
			sourceTree = "<group>";
		};
		"_______Group_CLib" /* CLib */ = {
			isa = PBXGroup;
			children = (
				__PBXFileRef_Sources/CLib/clib.c /* clib.c */,
			);
			name = CLib;
			path = Sources/CLib;
			sourceTree = "<group>";
		};
		"_______Group_Main" /* Main */ = {
			isa = PBXGroup;
			children = (
				__PBXFileRef_Sources/Main/main.swift /* main.swift */,
			);
			name = Main;
			path = Sources/Main;
			sourceTree = "<group>";
		};
/* End PBXGroup section */

/* Begin PBXNativeTarget section */
		"______Target_CLib" /* CLib */ = {
			isa = PBXNativeTarget;
			buildConfigurationList = "_______Confs_CLib" /* Build configuration list for PBXNativeTarget "CLib" */;
			buildPhases = (
				CompilePhase_CLib /* Sources */,
				"___LinkPhase_CLib" /* Frameworks */,
			);
			buildRules = (
			);
			dependencies = (
			);
			name = CLib;
			productName = CLib;
			productReference = "_____Product_CLib" /* CLib.framework */;
			productType = "com.apple.product-type.framework";
		};
		"______Target_Main" /* Main */ = {
			isa = PBXNativeTarget;
			buildConfigurationList = "_______Confs_Main" /* Build configuration list for PBXNativeTarget "Main" */;
			buildPhases = (
				CompilePhase_Main /* Sources */,
				"___LinkPhase_Main" /* Frameworks */,
			);
			buildRules = (
			);
			dependencies = (
				__Dependency_CLib /* PBXTargetDependency */,
			);
			name = Main;
			productName = Main;
			productReference = "_____Product_Main" /* Main */;
			productType = "com.apple.product-type.tool";
		};
/* End PBXNativeTarget section */

/* Begin PBXProject section */
		__RootObject_ /* Project object */ = {
			isa = PBXProject;
			attributes = {
				LastUpgradeCheck = 9999;
			};
			buildConfigurationList = "___RootConfs_" /* Build configuration list for PBXProject "lldbtest" */;
			compatibilityVersion = "Xcode 3.2";
			developmentRegion = English;
			hasScannedForEncodings = 0;
			knownRegions = (
				en,
			);
			mainGroup = "___RootGroup_";
			productRefGroup = "____Products_" /* Products */;
			projectDirPath = "";
			projectRoot = "";
			targets = (
				"______Target_CLib" /* CLib */,
				"______Target_Main" /* Main */,
			);
		};
/* End PBXProject section */

/* Begin PBXSourcesBuildPhase section */
		CompilePhase_CLib /* Sources */ = {
			isa = PBXSourcesBuildPhase;
			buildActionMask = 0;
			files = (
				__src_cc_ref_Sources/CLib/clib.c /* clib.c in Sources */,
			);
			runOnlyForDeploymentPostprocessing = 0;
		};
		CompilePhase_Main /* Sources */ = {
			isa = PBXSourcesBuildPhase;
			buildActionMask = 0;
			files = (
				__src_cc_ref_Sources/Main/main.swift /* main.swift in Sources */,
			);
			runOnlyForDeploymentPostprocessing = 0;
		};
/* End PBXSourcesBuildPhase section */

/* Begin PBXTargetDependency section */
		__Dependency_CLib /* PBXTargetDependency */ = {
			isa = PBXTargetDependency;
			target = "______Target_CLib" /* CLib */;
			targetProxy = CE6F239C1DD3ADA7001452F0 /* PBXContainerItemProxy */;
		};
/* End PBXTargetDependency section */

/* Begin XCBuildConfiguration section */
		_ReleaseConf_CLib /* Release */ = {
			isa = XCBuildConfiguration;
			buildSettings = {
				DEFINES_MODULE = YES;
				ENABLE_TESTABILITY = YES;
				FRAMEWORK_SEARCH_PATHS = "$(PLATFORM_DIR)/Developer/Library/Frameworks";
				INFOPLIST_FILE = lldbtest.xcodeproj/CLib_Info.plist;
				LD_RUNPATH_SEARCH_PATHS = "$(TOOLCHAIN_DIR)/usr/lib/swift/macosx";
				MODULEMAP_FILE = lldbtest.xcodeproj/GeneratedModuleMap/CLib/module.modulemap;
				OTHER_LDFLAGS = "$(inherited)";
				OTHER_SWIFT_FLAGS = "$(inherited)";
				PRODUCT_BUNDLE_IDENTIFIER = CLib;
				PRODUCT_MODULE_NAME = "$(TARGET_NAME:c99extidentifier)";
				PRODUCT_NAME = "$(TARGET_NAME:c99extidentifier)";
				SWIFT_VERSION = 3.0;
			};
			name = Release;
		};
		_ReleaseConf_Main /* Release */ = {
			isa = XCBuildConfiguration;
			buildSettings = {
				FRAMEWORK_SEARCH_PATHS = "$(PLATFORM_DIR)/Developer/Library/Frameworks";
				HEADER_SEARCH_PATHS = (
					/Users/user/Zabiyaka/Software/lldbtest/Sources/CLib/include,
					"$(SRCROOT)/ThirdParty",
				);
				LD_RUNPATH_SEARCH_PATHS = "$(TOOLCHAIN_DIR)/usr/lib/swift/macosx @executable_path";
				OTHER_LDFLAGS = "$(inherited)";
				OTHER_SWIFT_FLAGS = "$(inherited)";
				SWIFT_FORCE_DYNAMIC_LINK_STDLIB = YES;
				SWIFT_FORCE_STATIC_LINK_STDLIB = NO;
				SWIFT_INCLUDE_PATHS = "$(SRCROOT)/Sources/CLib";
				SWIFT_VERSION = 3.0;
			};
			name = Release;
		};
		"___DebugConf_CLib" /* Debug */ = {
			isa = XCBuildConfiguration;
			buildSettings = {
				DEFINES_MODULE = YES;
				ENABLE_TESTABILITY = YES;
				FRAMEWORK_SEARCH_PATHS = "$(PLATFORM_DIR)/Developer/Library/Frameworks";
				INFOPLIST_FILE = lldbtest.xcodeproj/CLib_Info.plist;
				LD_RUNPATH_SEARCH_PATHS = "$(TOOLCHAIN_DIR)/usr/lib/swift/macosx";
				MODULEMAP_FILE = lldbtest.xcodeproj/GeneratedModuleMap/CLib/module.modulemap;
				OTHER_LDFLAGS = "$(inherited)";
				OTHER_SWIFT_FLAGS = "$(inherited)";
				PRODUCT_BUNDLE_IDENTIFIER = CLib;
				PRODUCT_MODULE_NAME = "$(TARGET_NAME:c99extidentifier)";
				PRODUCT_NAME = "$(TARGET_NAME:c99extidentifier)";
				SWIFT_OPTIMIZATION_LEVEL = "-Onone";
				SWIFT_VERSION = 3.0;
			};
			name = Debug;
		};
		"___DebugConf_Main" /* Debug */ = {
			isa = XCBuildConfiguration;
			buildSettings = {
				FRAMEWORK_SEARCH_PATHS = "$(PLATFORM_DIR)/Developer/Library/Frameworks";
				HEADER_SEARCH_PATHS = (
					/Users/user/Zabiyaka/Software/lldbtest/Sources/CLib/include,
					"$(SRCROOT)/ThirdParty",
				);
				LD_RUNPATH_SEARCH_PATHS = "$(TOOLCHAIN_DIR)/usr/lib/swift/macosx @executable_path";
				OTHER_LDFLAGS = "$(inherited)";
				OTHER_SWIFT_FLAGS = "$(inherited)";
				SWIFT_FORCE_DYNAMIC_LINK_STDLIB = YES;
				SWIFT_FORCE_STATIC_LINK_STDLIB = NO;
				SWIFT_INCLUDE_PATHS = "$(SRCROOT)/Sources/CLib";
				SWIFT_OPTIMIZATION_LEVEL = "-Onone";
				SWIFT_VERSION = 3.0;
			};
			name = Debug;
		};
		"_____Release_" /* Release */ = {
			isa = XCBuildConfiguration;
			baseConfigurationReference = __PBXFileRef_lldbtest.xcodeproj/Configs/Project.xcconfig /* lldbtest.xcodeproj/Configs/Project.xcconfig */;
			buildSettings = {
			};
			name = Release;
		};
		"_______Debug_" /* Debug */ = {
			isa = XCBuildConfiguration;
			baseConfigurationReference = __PBXFileRef_lldbtest.xcodeproj/Configs/Project.xcconfig /* lldbtest.xcodeproj/Configs/Project.xcconfig */;
			buildSettings = {
			};
			name = Debug;
		};
/* End XCBuildConfiguration section */

/* Begin XCConfigurationList section */
		"___RootConfs_" /* Build configuration list for PBXProject "lldbtest" */ = {
			isa = XCConfigurationList;
			buildConfigurations = (
				"_______Debug_" /* Debug */,
				"_____Release_" /* Release */,
			);
			defaultConfigurationIsVisible = 0;
			defaultConfigurationName = Debug;
		};
		"_______Confs_CLib" /* Build configuration list for PBXNativeTarget "CLib" */ = {
			isa = XCConfigurationList;
			buildConfigurations = (
				"___DebugConf_CLib" /* Debug */,
				_ReleaseConf_CLib /* Release */,
			);
			defaultConfigurationIsVisible = 0;
			defaultConfigurationName = Debug;
		};
		"_______Confs_Main" /* Build configuration list for PBXNativeTarget "Main" */ = {
			isa = XCConfigurationList;
			buildConfigurations = (
				"___DebugConf_Main" /* Debug */,
				_ReleaseConf_Main /* Release */,
			);
			defaultConfigurationIsVisible = 0;
			defaultConfigurationName = Debug;
		};
/* End XCConfigurationList section */
	};
	rootObject = __RootObject_ /* Project object */;
}
